
Microsoft Visual Studio Solution File, Format Version 12.00
# Visual Studio Version 17
VisualStudioVersion = 17.4.33403.182
MinimumVisualStudioVersion = 10.0.40219.1
Project("{8BC9CEB8-8B4A-11D0-8D11-00A0C91BC942}") = "HASHlab2", "HASHlab2\HASHlab2.vcxproj", "{1C7311D3-3196-4A66-A573-9D5973AC0E41}"
EndProject
Project("{8BC9CEB8-8B4A-11D0-8D11-00A0C91BC942}") = "lsh", "..\..\..\..\Desktop\vovasigma\x86_x64\vs\lsh\lsh.vcxproj", "{F5968B5B-9E0C-49D4-A08E-03A8D91D6428}"
EndProject
Global
	GlobalSection(SolutionConfigurationPlatforms) = preSolution
		Debug|x64 = Debug|x64
		Debug|x86 = Debug|x86
		Release|x64 = Release|x64
		Release|x86 = Release|x86
	EndGlobalSection
	GlobalSection(ProjectConfigurationPlatforms) = postSolution
		{1C7311D3-3196-4A66-A573-9D5973AC0E41}.Debug|x64.ActiveCfg = Debug|x64
		{1C7311D3-3196-4A66-A573-9D5973AC0E41}.Debug|x64.Build.0 = Debug|x64
		{1C7311D3-3196-4A66-A573-9D5973AC0E41}.Debug|x86.ActiveCfg = Debug|Win32
		{1C7311D3-3196-4A66-A573-9D5973AC0E41}.Debug|x86.Build.0 = Debug|Win32
		{1C7311D3-3196-4A66-A573-9D5973AC0E41}.Release|x64.ActiveCfg = Release|x64
		{1C7311D3-3196-4A66-A573-9D5973AC0E41}.Release|x64.Build.0 = Release|x64
		{1C7311D3-3196-4A66-A573-9D5973AC0E41}.Release|x86.ActiveCfg = Release|Win32
		{1C7311D3-3196-4A66-A573-9D5973AC0E41}.Release|x86.Build.0 = Release|Win32
		{F5968B5B-9E0C-49D4-A08E-03A8D91D6428}.Debug|x64.ActiveCfg = Debug|x64
		{F5968B5B-9E0C-49D4-A08E-03A8D91D6428}.Debug|x64.Build.0 = Debug|x64
		{F5968B5B-9E0C-49D4-A08E-03A8D91D6428}.Debug|x86.ActiveCfg = Debug|Win32
		{F5968B5B-9E0C-49D4-A08E-03A8D91D6428}.Debug|x86.Build.0 = Debug|Win32
		{F5968B5B-9E0C-49D4-A08E-03A8D91D6428}.Release|x64.ActiveCfg = Release|x64
		{F5968B5B-9E0C-49D4-A08E-03A8D91D6428}.Release|x64.Build.0 = Release|x64
		{F5968B5B-9E0C-49D4-A08E-03A8D91D6428}.Release|x86.ActiveCfg = Release|Win32
		{F5968B5B-9E0C-49D4-A08E-03A8D91D6428}.Release|x86.Build.0 = Release|Win32
	EndGlobalSection
	GlobalSection(SolutionProperties) = preSolution
		HideSolutionNode = FALSE
	EndGlobalSection
	GlobalSection(ExtensibilityGlobals) = postSolution
		SolutionGuid = {5BACBB86-0ADE-4FC8-842F-663208359351}
	EndGlobalSection
EndGlobal
